// !$*UTF8*$!
{
	archiveVersion = 1;
	classes = {
	};
	objectVersion = 55;
	objects = {

/* Begin PBXBuildFile section */
		F4F5CCD2273340D9008C5860 /* AppDelegate.swift in Sources */ = {isa = PBXBuildFile; fileRef = F4F5CCD1273340D9008C5860 /* AppDelegate.swift */; };
		F4F5CCD4273340D9008C5860 /* SceneDelegate.swift in Sources */ = {isa = PBXBuildFile; fileRef = F4F5CCD3273340D9008C5860 /* SceneDelegate.swift */; };
		F4F5CCD6273340D9008C5860 /* ViewController.swift in Sources */ = {isa = PBXBuildFile; fileRef = F4F5CCD5273340D9008C5860 /* ViewController.swift */; };
		F4F5CCD9273340D9008C5860 /* Main.storyboard in Resources */ = {isa = PBXBuildFile; fileRef = F4F5CCD7273340D9008C5860 /* Main.storyboard */; };
		F4F5CCDB273340DD008C5860 /* Assets.xcassets in Resources */ = {isa = PBXBuildFile; fileRef = F4F5CCDA273340DD008C5860 /* Assets.xcassets */; };
		F4F5CCDE273340DD008C5860 /* LaunchScreen.storyboard in Resources */ = {isa = PBXBuildFile; fileRef = F4F5CCDC273340DD008C5860 /* LaunchScreen.storyboard */; };
/* End PBXBuildFile section */

/* Begin PBXContainerItemProxy section */
		F4F5CCE5273340DD008C5860 /* PBXContainerItemProxy */ = {
			isa = PBXContainerItemProxy;
			containerPortal = F4F5CCC6273340D9008C5860 /* Project object */;
			proxyType = 1;
			remoteGlobalIDString = F4F5CCCD273340D9008C5860;
			remoteInfo = Challenge2_ImagemCachorro;
		};
		F4F5CCEF273340DD008C5860 /* PBXContainerItemProxy */ = {
			isa = PBXContainerItemProxy;
			containerPortal = F4F5CCC6273340D9008C5860 /* Project object */;
			proxyType = 1;
			remoteGlobalIDString = F4F5CCCD273340D9008C5860;
			remoteInfo = Challenge2_ImagemCachorro;
		};
/* End PBXContainerItemProxy section */

/* Begin PBXFileReference section */
		F4F5CCCE273340D9008C5860 /* Challenge2_ImagemCachorro.app */ = {isa = PBXFileReference; explicitFileType = wrapper.application; includeInIndex = 0; path = Challenge2_ImagemCachorro.app; sourceTree = BUILT_PRODUCTS_DIR; };
		F4F5CCD1273340D9008C5860 /* AppDelegate.swift */ = {isa = PBXFileReference; lastKnownFileType = sourcecode.swift; path = AppDelegate.swift; sourceTree = "<group>"; };
		F4F5CCD3273340D9008C5860 /* SceneDelegate.swift */ = {isa = PBXFileReference; lastKnownFileType = sourcecode.swift; path = SceneDelegate.swift; sourceTree = "<group>"; };
		F4F5CCD5273340D9008C5860 /* ViewController.swift */ = {isa = PBXFileReference; lastKnownFileType = sourcecode.swift; path = ViewController.swift; sourceTree = "<group>"; };
		F4F5CCD8273340D9008C5860 /* Base */ = {isa = PBXFileReference; lastKnownFileType = file.storyboard; name = Base; path = Base.lproj/Main.storyboard; sourceTree = "<group>"; };
		F4F5CCDA273340DD008C5860 /* Assets.xcassets */ = {isa = PBXFileReference; lastKnownFileType = folder.assetcatalog; path = Assets.xcassets; sourceTree = "<group>"; };
		F4F5CCDD273340DD008C5860 /* Base */ = {isa = PBXFileReference; lastKnownFileType = file.storyboard; name = Base; path = Base.lproj/LaunchScreen.storyboard; sourceTree = "<group>"; };
		F4F5CCDF273340DD008C5860 /* Info.plist */ = {isa = PBXFileReference; lastKnownFileType = text.plist.xml; path = Info.plist; sourceTree = "<group>"; };
		F4F5CCE4273340DD008C5860 /* Challenge2_ImagemCachorroTests.xctest */ = {isa = PBXFileReference; explicitFileType = wrapper.cfbundle; includeInIndex = 0; path = Challenge2_ImagemCachorroTests.xctest; sourceTree = BUILT_PRODUCTS_DIR; };
		F4F5CCEE273340DD008C5860 /* Challenge2_ImagemCachorroUITests.xctest */ = {isa = PBXFileReference; explicitFileType = wrapper.cfbundle; includeInIndex = 0; path = Challenge2_ImagemCachorroUITests.xctest; sourceTree = BUILT_PRODUCTS_DIR; };
/* End PBXFileReference section */

/* Begin PBXFrameworksBuildPhase section */
		F4F5CCCB273340D9008C5860 /* Frameworks */ = {
			isa = PBXFrameworksBuildPhase;
			buildActionMask = 2147483647;
			files = (
			);
			runOnlyForDeploymentPostprocessing = 0;
		};
		F4F5CCE1273340DD008C5860 /* Frameworks */ = {
			isa = PBXFrameworksBuildPhase;
			buildActionMask = 2147483647;
			files = (
			);
			runOnlyForDeploymentPostprocessing = 0;
		};
		F4F5CCEB273340DD008C5860 /* Frameworks */ = {
			isa = PBXFrameworksBuildPhase;
			buildActionMask = 2147483647;
			files = (
			);
			runOnlyForDeploymentPostprocessing = 0;
		};
/* End PBXFrameworksBuildPhase section */

/* Begin PBXGroup section */
		F4F5CCC5273340D9008C5860 = {
			isa = PBXGroup;
			children = (
				F4F5CCD0273340D9008C5860 /* Challenge2_ImagemCachorro */,
				F4F5CCCF273340D9008C5860 /* Products */,
			);
			sourceTree = "<group>";
		};
		F4F5CCCF273340D9008C5860 /* Products */ = {
			isa = PBXGroup;
			children = (
				F4F5CCCE273340D9008C5860 /* Challenge2_ImagemCachorro.app */,
				F4F5CCE4273340DD008C5860 /* Challenge2_ImagemCachorroTests.xctest */,
				F4F5CCEE273340DD008C5860 /* Challenge2_ImagemCachorroUITests.xctest */,
			);
			name = Products;
			sourceTree = "<group>";
		};
		F4F5CCD0273340D9008C5860 /* Challenge2_ImagemCachorro */ = {
			isa = PBXGroup;
			children = (
				F4F5CCD1273340D9008C5860 /* AppDelegate.swift */,
				F4F5CCD3273340D9008C5860 /* SceneDelegate.swift */,
				F4F5CCD5273340D9008C5860 /* ViewController.swift */,
				F4F5CCD7273340D9008C5860 /* Main.storyboard */,
				F4F5CCDA273340DD008C5860 /* Assets.xcassets */,
				F4F5CCDC273340DD008C5860 /* LaunchScreen.storyboard */,
				F4F5CCDF273340DD008C5860 /* Info.plist */,
			);
			path = Challenge2_ImagemCachorro;
			sourceTree = "<group>";
		};
/* End PBXGroup section */

/* Begin PBXNativeTarget section */
		F4F5CCCD273340D9008C5860 /* Challenge2_ImagemCachorro */ = {
			isa = PBXNativeTarget;
			buildConfigurationList = F4F5CCF8273340DD008C5860 /* Build configuration list for PBXNativeTarget "Challenge2_ImagemCachorro" */;
			buildPhases = (
				F4F5CCCA273340D9008C5860 /* Sources */,
				F4F5CCCB273340D9008C5860 /* Frameworks */,
				F4F5CCCC273340D9008C5860 /* Resources */,
			);
			buildRules = (
			);
			dependencies = (
			);
			name = Challenge2_ImagemCachorro;
			productName = Challenge2_ImagemCachorro;
			productReference = F4F5CCCE273340D9008C5860 /* Challenge2_ImagemCachorro.app */;
			productType = "com.apple.product-type.application";
		};
		F4F5CCE3273340DD008C5860 /* Challenge2_ImagemCachorroTests */ = {
			isa = PBXNativeTarget;
			buildConfigurationList = F4F5CCFB273340DD008C5860 /* Build configuration list for PBXNativeTarget "Challenge2_ImagemCachorroTests" */;
			buildPhases = (
				F4F5CCE0273340DD008C5860 /* Sources */,
				F4F5CCE1273340DD008C5860 /* Frameworks */,
				F4F5CCE2273340DD008C5860 /* Resources */,
			);
			buildRules = (
			);
			dependencies = (
				F4F5CCE6273340DD008C5860 /* PBXTargetDependency */,
			);
			name = Challenge2_ImagemCachorroTests;
			productName = Challenge2_ImagemCachorroTests;
			productReference = F4F5CCE4273340DD008C5860 /* Challenge2_ImagemCachorroTests.xctest */;
			productType = "com.apple.product-type.bundle.unit-test";
		};
		F4F5CCED273340DD008C5860 /* Challenge2_ImagemCachorroUITests */ = {
			isa = PBXNativeTarget;
			buildConfigurationList = F4F5CCFE273340DD008C5860 /* Build configuration list for PBXNativeTarget "Challenge2_ImagemCachorroUITests" */;
			buildPhases = (
				F4F5CCEA273340DD008C5860 /* Sources */,
				F4F5CCEB273340DD008C5860 /* Frameworks */,
				F4F5CCEC273340DD008C5860 /* Resources */,
			);
			buildRules = (
			);
			dependencies = (
				F4F5CCF0273340DD008C5860 /* PBXTargetDependency */,
			);
			name = Challenge2_ImagemCachorroUITests;
			productName = Challenge2_ImagemCachorroUITests;
			productReference = F4F5CCEE273340DD008C5860 /* Challenge2_ImagemCachorroUITests.xctest */;
			productType = "com.apple.product-type.bundle.ui-testing";
		};
/* End PBXNativeTarget section */

/* Begin PBXProject section */
		F4F5CCC6273340D9008C5860 /* Project object */ = {
			isa = PBXProject;
			attributes = {
				BuildIndependentTargetsInParallel = 1;
				LastSwiftUpdateCheck = 1310;
				LastUpgradeCheck = 1310;
				TargetAttributes = {
					F4F5CCCD273340D9008C5860 = {
						CreatedOnToolsVersion = 13.1;
					};
					F4F5CCE3273340DD008C5860 = {
						CreatedOnToolsVersion = 13.1;
						TestTargetID = F4F5CCCD273340D9008C5860;
					};
					F4F5CCED273340DD008C5860 = {
						CreatedOnToolsVersion = 13.1;
						TestTargetID = F4F5CCCD273340D9008C5860;
					};
				};
			};
			buildConfigurationList = F4F5CCC9273340D9008C5860 /* Build configuration list for PBXProject "Challenge2_ImagemCachorro" */;
			compatibilityVersion = "Xcode 13.0";
			developmentRegion = en;
			hasScannedForEncodings = 0;
			knownRegions = (
				en,
				Base,
			);
			mainGroup = F4F5CCC5273340D9008C5860;
			productRefGroup = F4F5CCCF273340D9008C5860 /* Products */;
			projectDirPath = "";
			projectRoot = "";
			targets = (
				F4F5CCCD273340D9008C5860 /* Challenge2_ImagemCachorro */,
				F4F5CCE3273340DD008C5860 /* Challenge2_ImagemCachorroTests */,
				F4F5CCED273340DD008C5860 /* Challenge2_ImagemCachorroUITests */,
			);
		};
/* End PBXProject section */

/* Begin PBXResourcesBuildPhase section */
		F4F5CCCC273340D9008C5860 /* Resources */ = {
			isa = PBXResourcesBuildPhase;
			buildActionMask = 2147483647;
			files = (
				F4F5CCDE273340DD008C5860 /* LaunchScreen.storyboard in Resources */,
				F4F5CCDB273340DD008C5860 /* Assets.xcassets in Resources */,
				F4F5CCD9273340D9008C5860 /* Main.storyboard in Resources */,
			);
			runOnlyForDeploymentPostprocessing = 0;
		};
		F4F5CCE2273340DD008C5860 /* Resources */ = {
			isa = PBXResourcesBuildPhase;
			buildActionMask = 2147483647;
			files = (
			);
			runOnlyForDeploymentPostprocessing = 0;
		};
		F4F5CCEC273340DD008C5860 /* Resources */ = {
			isa = PBXResourcesBuildPhase;
			buildActionMask = 2147483647;
			files = (
			);
			runOnlyForDeploymentPostprocessing = 0;
		};
/* End PBXResourcesBuildPhase section */

/* Begin PBXSourcesBuildPhase section */
		F4F5CCCA273340D9008C5860 /* Sources */ = {
			isa = PBXSourcesBuildPhase;
			buildActionMask = 2147483647;
			files = (
				F4F5CCD6273340D9008C5860 /* ViewController.swift in Sources */,
				F4F5CCD2273340D9008C5860 /* AppDelegate.swift in Sources */,
				F4F5CCD4273340D9008C5860 /* SceneDelegate.swift in Sources */,
			);
			runOnlyForDeploymentPostprocessing = 0;
		};
		F4F5CCE0273340DD008C5860 /* Sources */ = {
			isa = PBXSourcesBuildPhase;
			buildActionMask = 2147483647;
			files = (
			);
			runOnlyForDeploymentPostprocessing = 0;
		};
		F4F5CCEA273340DD008C5860 /* Sources */ = {
			isa = PBXSourcesBuildPhase;
			buildActionMask = 2147483647;
			files = (
			);
			runOnlyForDeploymentPostprocessing = 0;
		};
/* End PBXSourcesBuildPhase section */

/* Begin PBXTargetDependency section */
		F4F5CCE6273340DD008C5860 /* PBXTargetDependency */ = {
			isa = PBXTargetDependency;
			target = F4F5CCCD273340D9008C5860 /* Challenge2_ImagemCachorro */;
			targetProxy = F4F5CCE5273340DD008C5860 /* PBXContainerItemProxy */;
		};
		F4F5CCF0273340DD008C5860 /* PBXTargetDependency */ = {
			isa = PBXTargetDependency;
			target = F4F5CCCD273340D9008C5860 /* Challenge2_ImagemCachorro */;
			targetProxy = F4F5CCEF273340DD008C5860 /* PBXContainerItemProxy */;
		};
/* End PBXTargetDependency section */

/* Begin PBXVariantGroup section */
		F4F5CCD7273340D9008C5860 /* Main.storyboard */ = {
			isa = PBXVariantGroup;
			children = (
				F4F5CCD8273340D9008C5860 /* Base */,
			);
			name = Main.storyboard;
			sourceTree = "<group>";
		};
		F4F5CCDC273340DD008C5860 /* LaunchScreen.storyboard */ = {
			isa = PBXVariantGroup;
			children = (
				F4F5CCDD273340DD008C5860 /* Base */,
			);
			name = LaunchScreen.storyboard;
			sourceTree = "<group>";
		};
/* End PBXVariantGroup section */

/* Begin XCBuildConfiguration section */
		F4F5CCF6273340DD008C5860 /* Debug */ = {
			isa = XCBuildConfiguration;
			buildSettings = {
				ALWAYS_SEARCH_USER_PATHS = NO;
				CLANG_ANALYZER_NONNULL = YES;
				CLANG_ANALYZER_NUMBER_OBJECT_CONVERSION = YES_AGGRESSIVE;
				CLANG_CXX_LANGUAGE_STANDARD = "gnu++17";
				CLANG_CXX_LIBRARY = "libc++";
				CLANG_ENABLE_MODULES = YES;
				CLANG_ENABLE_OBJC_ARC = YES;
				CLANG_ENABLE_OBJC_WEAK = YES;
				CLANG_WARN_BLOCK_CAPTURE_AUTORELEASING = YES;
				CLANG_WARN_BOOL_CONVERSION = YES;
				CLANG_WARN_COMMA = YES;
				CLANG_WARN_CONSTANT_CONVERSION = YES;
				CLANG_WARN_DEPRECATED_OBJC_IMPLEMENTATIONS = YES;
				CLANG_WARN_DIRECT_OBJC_ISA_USAGE = YES_ERROR;
				CLANG_WARN_DOCUMENTATION_COMMENTS = YES;
				CLANG_WARN_EMPTY_BODY = YES;
				CLANG_WARN_ENUM_CONVERSION = YES;
				CLANG_WARN_INFINITE_RECURSION = YES;
				CLANG_WARN_INT_CONVERSION = YES;
				CLANG_WARN_NON_LITERAL_NULL_CONVERSION = YES;
				CLANG_WARN_OBJC_IMPLICIT_RETAIN_SELF = YES;
				CLANG_WARN_OBJC_LITERAL_CONVERSION = YES;
				CLANG_WARN_OBJC_ROOT_CLASS = YES_ERROR;
				CLANG_WARN_QUOTED_INCLUDE_IN_FRAMEWORK_HEADER = YES;
				CLANG_WARN_RANGE_LOOP_ANALYSIS = YES;
				CLANG_WARN_STRICT_PROTOTYPES = YES;
				CLANG_WARN_SUSPICIOUS_MOVE = YES;
				CLANG_WARN_UNGUARDED_AVAILABILITY = YES_AGGRESSIVE;
				CLANG_WARN_UNREACHABLE_CODE = YES;
				CLANG_WARN__DUPLICATE_METHOD_MATCH = YES;
				COPY_PHASE_STRIP = NO;
				DEBUG_INFORMATION_FORMAT = dwarf;
				ENABLE_STRICT_OBJC_MSGSEND = YES;
				ENABLE_TESTABILITY = YES;
				GCC_C_LANGUAGE_STANDARD = gnu11;
				GCC_DYNAMIC_NO_PIC = NO;
				GCC_NO_COMMON_BLOCKS = YES;
				GCC_OPTIMIZATION_LEVEL = 0;
				GCC_PREPROCESSOR_DEFINITIONS = (
					"DEBUG=1",
					"$(inherited)",
				);
				GCC_WARN_64_TO_32_BIT_CONVERSION = YES;
				GCC_WARN_ABOUT_RETURN_TYPE = YES_ERROR;
				GCC_WARN_UNDECLARED_SELECTOR = YES;
				GCC_WARN_UNINITIALIZED_AUTOS = YES_AGGRESSIVE;
				GCC_WARN_UNUSED_FUNCTION = YES;
				GCC_WARN_UNUSED_VARIABLE = YES;
				IPHONEOS_DEPLOYMENT_TARGET = 15.0;
				MTL_ENABLE_DEBUG_INFO = INCLUDE_SOURCE;
				MTL_FAST_MATH = YES;
				ONLY_ACTIVE_ARCH = YES;
				SDKROOT = iphoneos;
				SWIFT_ACTIVE_COMPILATION_CONDITIONS = DEBUG;
				SWIFT_OPTIMIZATION_LEVEL = "-Onone";
			};
			name = Debug;
		};
		F4F5CCF7273340DD008C5860 /* Release */ = {
			isa = XCBuildConfiguration;
			buildSettings = {
				ALWAYS_SEARCH_USER_PATHS = NO;
				CLANG_ANALYZER_NONNULL = YES;
				CLANG_ANALYZER_NUMBER_OBJECT_CONVERSION = YES_AGGRESSIVE;
				CLANG_CXX_LANGUAGE_STANDARD = "gnu++17";
				CLANG_CXX_LIBRARY = "libc++";
				CLANG_ENABLE_MODULES = YES;
				CLANG_ENABLE_OBJC_ARC = YES;
				CLANG_ENABLE_OBJC_WEAK = YES;
				CLANG_WARN_BLOCK_CAPTURE_AUTORELEASING = YES;
				CLANG_WARN_BOOL_CONVERSION = YES;
				CLANG_WARN_COMMA = YES;
				CLANG_WARN_CONSTANT_CONVERSION = YES;
				CLANG_WARN_DEPRECATED_OBJC_IMPLEMENTATIONS = YES;
				CLANG_WARN_DIRECT_OBJC_ISA_USAGE = YES_ERROR;
				CLANG_WARN_DOCUMENTATION_COMMENTS = YES;
				CLANG_WARN_EMPTY_BODY = YES;
				CLANG_WARN_ENUM_CONVERSION = YES;
				CLANG_WARN_INFINITE_RECURSION = YES;
				CLANG_WARN_INT_CONVERSION = YES;
				CLANG_WARN_NON_LITERAL_NULL_CONVERSION = YES;
				CLANG_WARN_OBJC_IMPLICIT_RETAIN_SELF = YES;
				CLANG_WARN_OBJC_LITERAL_CONVERSION = YES;
				CLANG_WARN_OBJC_ROOT_CLASS = YES_ERROR;
				CLANG_WARN_QUOTED_INCLUDE_IN_FRAMEWORK_HEADER = YES;
				CLANG_WARN_RANGE_LOOP_ANALYSIS = YES;
				CLANG_WARN_STRICT_PROTOTYPES = YES;
				CLANG_WARN_SUSPICIOUS_MOVE = YES;
				CLANG_WARN_UNGUARDED_AVAILABILITY = YES_AGGRESSIVE;
				CLANG_WARN_UNREACHABLE_CODE = YES;
				CLANG_WARN__DUPLICATE_METHOD_MATCH = YES;
				COPY_PHASE_STRIP = NO;
				DEBUG_INFORMATION_FORMAT = "dwarf-with-dsym";
				ENABLE_NS_ASSERTIONS = NO;
				ENABLE_STRICT_OBJC_MSGSEND = YES;
				GCC_C_LANGUAGE_STANDARD = gnu11;
				GCC_NO_COMMON_BLOCKS = YES;
				GCC_WARN_64_TO_32_BIT_CONVERSION = YES;
				GCC_WARN_ABOUT_RETURN_TYPE = YES_ERROR;
				GCC_WARN_UNDECLARED_SELECTOR = YES;
				GCC_WARN_UNINITIALIZED_AUTOS = YES_AGGRESSIVE;
				GCC_WARN_UNUSED_FUNCTION = YES;
				GCC_WARN_UNUSED_VARIABLE = YES;
				IPHONEOS_DEPLOYMENT_TARGET = 15.0;
				MTL_ENABLE_DEBUG_INFO = NO;
				MTL_FAST_MATH = YES;
				SDKROOT = iphoneos;
				SWIFT_COMPILATION_MODE = wholemodule;
				SWIFT_OPTIMIZATION_LEVEL = "-O";
				VALIDATE_PRODUCT = YES;
			};
			name = Release;
		};
		F4F5CCF9273340DD008C5860 /* Debug */ = {
			isa = XCBuildConfiguration;
			buildSettings = {
				ASSETCATALOG_COMPILER_APPICON_NAME = AppIcon;
				ASSETCATALOG_COMPILER_GLOBAL_ACCENT_COLOR_NAME = AccentColor;
				CODE_SIGN_STYLE = Automatic;
				CURRENT_PROJECT_VERSION = 1;
				DEVELOPMENT_TEAM = 24CMM4XT5Y;
				GENERATE_INFOPLIST_FILE = YES;
				INFOPLIST_FILE = Challenge2_ImagemCachorro/Info.plist;
				INFOPLIST_KEY_UIApplicationSupportsIndirectInputEvents = YES;
				INFOPLIST_KEY_UILaunchStoryboardName = LaunchScreen;
				INFOPLIST_KEY_UIMainStoryboardFile = Main;
				INFOPLIST_KEY_UISupportedInterfaceOrientations_iPad = "UIInterfaceOrientationPortrait UIInterfaceOrientationPortraitUpsideDown UIInterfaceOrientationLandscapeLeft UIInterfaceOrientationLandscapeRight";
				INFOPLIST_KEY_UISupportedInterfaceOrientations_iPhone = "UIInterfaceOrientationPortrait UIInterfaceOrientationLandscapeLeft UIInterfaceOrientationLandscapeRight";
				LD_RUNPATH_SEARCH_PATHS = (
					"$(inherited)",
					"@executable_path/Frameworks",
				);
				MARKETING_VERSION = 1.0;
				PRODUCT_BUNDLE_IDENTIFIER = "lucao.softwares.Challenge2-ImagemCachorro";
				PRODUCT_NAME = "$(TARGET_NAME)";
				SWIFT_EMIT_LOC_STRINGS = YES;
				SWIFT_VERSION = 5.0;
				TARGETED_DEVICE_FAMILY = "1,2";
			};
			name = Debug;
		};
		F4F5CCFA273340DD008C5860 /* Release */ = {
			isa = XCBuildConfiguration;
			buildSettings = {
				ASSETCATALOG_COMPILER_APPICON_NAME = AppIcon;
				ASSETCATALOG_COMPILER_GLOBAL_ACCENT_COLOR_NAME = AccentColor;
				CODE_SIGN_STYLE = Automatic;
				CURRENT_PROJECT_VERSION = 1;
				DEVELOPMENT_TEAM = 24CMM4XT5Y;
				GENERATE_INFOPLIST_FILE = YES;
				INFOPLIST_FILE = Challenge2_ImagemCachorro/Info.plist;
				INFOPLIST_KEY_UIApplicationSupportsIndirectInputEvents = YES;
				INFOPLIST_KEY_UILaunchStoryboardName = LaunchScreen;
				INFOPLIST_KEY_UIMainStoryboardFile = Main;
				INFOPLIST_KEY_UISupportedInterfaceOrientations_iPad = "UIInterfaceOrientationPortrait UIInterfaceOrientationPortraitUpsideDown UIInterfaceOrientationLandscapeLeft UIInterfaceOrientationLandscapeRight";
				INFOPLIST_KEY_UISupportedInterfaceOrientations_iPhone = "UIInterfaceOrientationPortrait UIInterfaceOrientationLandscapeLeft UIInterfaceOrientationLandscapeRight";
				LD_RUNPATH_SEARCH_PATHS = (
					"$(inherited)",
					"@executable_path/Frameworks",
				);
				MARKETING_VERSION = 1.0;
				PRODUCT_BUNDLE_IDENTIFIER = "lucao.softwares.Challenge2-ImagemCachorro";
				PRODUCT_NAME = "$(TARGET_NAME)";
				SWIFT_EMIT_LOC_STRINGS = YES;
				SWIFT_VERSION = 5.0;
				TARGETED_DEVICE_FAMILY = "1,2";
			};
			name = Release;
		};
		F4F5CCFC273340DD008C5860 /* Debug */ = {
			isa = XCBuildConfiguration;
			buildSettings = {
				ALWAYS_EMBED_SWIFT_STANDARD_LIBRARIES = YES;
				BUNDLE_LOADER = "$(TEST_HOST)";
				CODE_SIGN_STYLE = Automatic;
				CURRENT_PROJECT_VERSION = 1;
				DEVELOPMENT_TEAM = 24CMM4XT5Y;
				GENERATE_INFOPLIST_FILE = YES;
				IPHONEOS_DEPLOYMENT_TARGET = 15.0;
				LD_RUNPATH_SEARCH_PATHS = (
					"$(inherited)",
					"@executable_path/Frameworks",
					"@loader_path/Frameworks",
				);
				MARKETING_VERSION = 1.0;
				PRODUCT_BUNDLE_IDENTIFIER = "lucao.softwares.Challenge2-ImagemCachorroTests";
				PRODUCT_NAME = "$(TARGET_NAME)";
				SWIFT_EMIT_LOC_STRINGS = NO;
				SWIFT_VERSION = 5.0;
				TARGETED_DEVICE_FAMILY = "1,2";
				TEST_HOST = "$(BUILT_PRODUCTS_DIR)/Challenge2_ImagemCachorro.app/Challenge2_ImagemCachorro";
			};
			name = Debug;
		};
		F4F5CCFD273340DD008C5860 /* Release */ = {
			isa = XCBuildConfiguration;
			buildSettings = {
				ALWAYS_EMBED_SWIFT_STANDARD_LIBRARIES = YES;
				BUNDLE_LOADER = "$(TEST_HOST)";
				CODE_SIGN_STYLE = Automatic;
				CURRENT_PROJECT_VERSION = 1;
				DEVELOPMENT_TEAM = 24CMM4XT5Y;
				GENERATE_INFOPLIST_FILE = YES;
				IPHONEOS_DEPLOYMENT_TARGET = 15.0;
				LD_RUNPATH_SEARCH_PATHS = (
					"$(inherited)",
					"@executable_path/Frameworks",
					"@loader_path/Frameworks",
				);
				MARKETING_VERSION = 1.0;
				PRODUCT_BUNDLE_IDENTIFIER = "lucao.softwares.Challenge2-ImagemCachorroTests";
				PRODUCT_NAME = "$(TARGET_NAME)";
				SWIFT_EMIT_LOC_STRINGS = NO;
				SWIFT_VERSION = 5.0;
				TARGETED_DEVICE_FAMILY = "1,2";
				TEST_HOST = "$(BUILT_PRODUCTS_DIR)/Challenge2_ImagemCachorro.app/Challenge2_ImagemCachorro";
			};
			name = Release;
		};
		F4F5CCFF273340DD008C5860 /* Debug */ = {
			isa = XCBuildConfiguration;
			buildSettings = {
				ALWAYS_EMBED_SWIFT_STANDARD_LIBRARIES = YES;
				CODE_SIGN_STYLE = Automatic;
				CURRENT_PROJECT_VERSION = 1;
				DEVELOPMENT_TEAM = 24CMM4XT5Y;
				GENERATE_INFOPLIST_FILE = YES;
				LD_RUNPATH_SEARCH_PATHS = (
					"$(inherited)",
					"@executable_path/Frameworks",
					"@loader_path/Frameworks",
				);
				MARKETING_VERSION = 1.0;
				PRODUCT_BUNDLE_IDENTIFIER = "lucao.softwares.Challenge2-ImagemCachorroUITests";
				PRODUCT_NAME = "$(TARGET_NAME)";
				SWIFT_EMIT_LOC_STRINGS = NO;
				SWIFT_VERSION = 5.0;
				TARGETED_DEVICE_FAMILY = "1,2";
				TEST_TARGET_NAME = Challenge2_ImagemCachorro;
			};
			name = Debug;
		};
		F4F5CD00273340DD008C5860 /* Release */ = {
			isa = XCBuildConfiguration;
			buildSettings = {
				ALWAYS_EMBED_SWIFT_STANDARD_LIBRARIES = YES;
				CODE_SIGN_STYLE = Automatic;
				CURRENT_PROJECT_VERSION = 1;
				DEVELOPMENT_TEAM = 24CMM4XT5Y;
				GENERATE_INFOPLIST_FILE = YES;
				LD_RUNPATH_SEARCH_PATHS = (
					"$(inherited)",
					"@executable_path/Frameworks",
					"@loader_path/Frameworks",
				);
				MARKETING_VERSION = 1.0;
				PRODUCT_BUNDLE_IDENTIFIER = "lucao.softwares.Challenge2-ImagemCachorroUITests";
				PRODUCT_NAME = "$(TARGET_NAME)";
				SWIFT_EMIT_LOC_STRINGS = NO;
				SWIFT_VERSION = 5.0;
				TARGETED_DEVICE_FAMILY = "1,2";
				TEST_TARGET_NAME = Challenge2_ImagemCachorro;
			};
			name = Release;
		};
/* End XCBuildConfiguration section */

/* Begin XCConfigurationList section */
		F4F5CCC9273340D9008C5860 /* Build configuration list for PBXProject "Challenge2_ImagemCachorro" */ = {
			isa = XCConfigurationList;
			buildConfigurations = (
				F4F5CCF6273340DD008C5860 /* Debug */,
				F4F5CCF7273340DD008C5860 /* Release */,
			);
			defaultConfigurationIsVisible = 0;
			defaultConfigurationName = Release;
		};
		F4F5CCF8273340DD008C5860 /* Build configuration list for PBXNativeTarget "Challenge2_ImagemCachorro" */ = {
			isa = XCConfigurationList;
			buildConfigurations = (
				F4F5CCF9273340DD008C5860 /* Debug */,
				F4F5CCFA273340DD008C5860 /* Release */,
			);
			defaultConfigurationIsVisible = 0;
			defaultConfigurationName = Release;
		};
		F4F5CCFB273340DD008C5860 /* Build configuration list for PBXNativeTarget "Challenge2_ImagemCachorroTests" */ = {
			isa = XCConfigurationList;
			buildConfigurations = (
				F4F5CCFC273340DD008C5860 /* Debug */,
				F4F5CCFD273340DD008C5860 /* Release */,
			);
			defaultConfigurationIsVisible = 0;
			defaultConfigurationName = Release;
		};
		F4F5CCFE273340DD008C5860 /* Build configuration list for PBXNativeTarget "Challenge2_ImagemCachorroUITests" */ = {
			isa = XCConfigurationList;
			buildConfigurations = (
				F4F5CCFF273340DD008C5860 /* Debug */,
				F4F5CD00273340DD008C5860 /* Release */,
			);
			defaultConfigurationIsVisible = 0;
			defaultConfigurationName = Release;
		};
/* End XCConfigurationList section */
	};
	rootObject = F4F5CCC6273340D9008C5860 /* Project object */;
}
